
Microsoft Visual Studio Solution File, Format Version 12.00
Project("{FAE04EC0-301F-11D3-BF4B-00C04F79EFBC}") = "MailEase", "src\MailEase\MailEase.csproj", "{8C6E7D2F-E760-47B9-B4CC-71B2E000A409}"
EndProject
Project("{2150E333-8FDC-42A3-9474-1A3956D46DE8}") = "src", "src", "{8C4AD6F0-B009-4759-BF00-8B0AB657872E}"
EndProject
Project("{2150E333-8FDC-42A3-9474-1A3956D46DE8}") = "Senders", "Senders", "{910417C8-4153-4BBF-B2CD-1AF96BAA6FE2}"
EndProject
Project("{FAE04EC0-301F-11D3-BF4B-00C04F79EFBC}") = "MailEase.Smtp", "src\Senders\MailEase.Smtp\MailEase.Smtp.csproj", "{A977E9DE-6B7A-4E98-999E-E9F8CC03389B}"
EndProject
Project("{FAE04EC0-301F-11D3-BF4B-00C04F79EFBC}") = "MailEase.SendGrid", "src\Senders\MailEase.SendGrid\MailEase.SendGrid.csproj", "{62A1DB58-7FF7-45AB-A2F0-AEFE269BCF05}"
EndProject
Project("{FAE04EC0-301F-11D3-BF4B-00C04F79EFBC}") = "MailEase.Mailtrap", "src\Senders\MailEase.Mailtrap\MailEase.Mailtrap.csproj", "{CD05AAFC-277C-4EAD-88FF-C04338A3141A}"
EndProject
Project("{FAE04EC0-301F-11D3-BF4B-00C04F79EFBC}") = "MailEase.Mailgun", "src\Senders\MailEase.Mailgun\MailEase.Mailgun.csproj", "{222A919D-0C97-4B55-8EA8-FA5E54FEE182}"
EndProject
Project("{FAE04EC0-301F-11D3-BF4B-00C04F79EFBC}") = "MailEase.MailKit", "src\Senders\MailEase.MailKit\MailEase.MailKit.csproj", "{B1CEC8F3-792C-410C-9434-AF29A10B49BB}"
EndProject
Project("{FAE04EC0-301F-11D3-BF4B-00C04F79EFBC}") = "MailEase.Graph", "src\Senders\MailEase.Graph\MailEase.Graph.csproj", "{BD15654D-243B-488B-9A04-611C3E8EEEA3}"
EndProject
Project("{FAE04EC0-301F-11D3-BF4B-00C04F79EFBC}") = "MailEase.Azure.Email", "src\Senders\MailEase.Azure.Email\MailEase.Azure.Email.csproj", "{6C384B7E-5C07-41B3-AC46-5C22AA3F3B4B}"
EndProject
Global
	GlobalSection(SolutionConfigurationPlatforms) = preSolution
		Debug|Any CPU = Debug|Any CPU
		Release|Any CPU = Release|Any CPU
	EndGlobalSection
	GlobalSection(ProjectConfigurationPlatforms) = postSolution
		{8C6E7D2F-E760-47B9-B4CC-71B2E000A409}.Debug|Any CPU.ActiveCfg = Debug|Any CPU
		{8C6E7D2F-E760-47B9-B4CC-71B2E000A409}.Debug|Any CPU.Build.0 = Debug|Any CPU
		{8C6E7D2F-E760-47B9-B4CC-71B2E000A409}.Release|Any CPU.ActiveCfg = Release|Any CPU
		{8C6E7D2F-E760-47B9-B4CC-71B2E000A409}.Release|Any CPU.Build.0 = Release|Any CPU
		{A977E9DE-6B7A-4E98-999E-E9F8CC03389B}.Debug|Any CPU.ActiveCfg = Debug|Any CPU
		{A977E9DE-6B7A-4E98-999E-E9F8CC03389B}.Debug|Any CPU.Build.0 = Debug|Any CPU
		{A977E9DE-6B7A-4E98-999E-E9F8CC03389B}.Release|Any CPU.ActiveCfg = Release|Any CPU
		{A977E9DE-6B7A-4E98-999E-E9F8CC03389B}.Release|Any CPU.Build.0 = Release|Any CPU
		{62A1DB58-7FF7-45AB-A2F0-AEFE269BCF05}.Debug|Any CPU.ActiveCfg = Debug|Any CPU
		{62A1DB58-7FF7-45AB-A2F0-AEFE269BCF05}.Debug|Any CPU.Build.0 = Debug|Any CPU
		{62A1DB58-7FF7-45AB-A2F0-AEFE269BCF05}.Release|Any CPU.ActiveCfg = Release|Any CPU
		{62A1DB58-7FF7-45AB-A2F0-AEFE269BCF05}.Release|Any CPU.Build.0 = Release|Any CPU
		{CD05AAFC-277C-4EAD-88FF-C04338A3141A}.Debug|Any CPU.ActiveCfg = Debug|Any CPU
		{CD05AAFC-277C-4EAD-88FF-C04338A3141A}.Debug|Any CPU.Build.0 = Debug|Any CPU
		{CD05AAFC-277C-4EAD-88FF-C04338A3141A}.Release|Any CPU.ActiveCfg = Release|Any CPU
		{CD05AAFC-277C-4EAD-88FF-C04338A3141A}.Release|Any CPU.Build.0 = Release|Any CPU
		{222A919D-0C97-4B55-8EA8-FA5E54FEE182}.Debug|Any CPU.ActiveCfg = Debug|Any CPU
		{222A919D-0C97-4B55-8EA8-FA5E54FEE182}.Debug|Any CPU.Build.0 = Debug|Any CPU
		{222A919D-0C97-4B55-8EA8-FA5E54FEE182}.Release|Any CPU.ActiveCfg = Release|Any CPU
		{222A919D-0C97-4B55-8EA8-FA5E54FEE182}.Release|Any CPU.Build.0 = Release|Any CPU
		{B1CEC8F3-792C-410C-9434-AF29A10B49BB}.Debug|Any CPU.ActiveCfg = Debug|Any CPU
		{B1CEC8F3-792C-410C-9434-AF29A10B49BB}.Debug|Any CPU.Build.0 = Debug|Any CPU
		{B1CEC8F3-792C-410C-9434-AF29A10B49BB}.Release|Any CPU.ActiveCfg = Release|Any CPU
		{B1CEC8F3-792C-410C-9434-AF29A10B49BB}.Release|Any CPU.Build.0 = Release|Any CPU
		{BD15654D-243B-488B-9A04-611C3E8EEEA3}.Debug|Any CPU.ActiveCfg = Debug|Any CPU
		{BD15654D-243B-488B-9A04-611C3E8EEEA3}.Debug|Any CPU.Build.0 = Debug|Any CPU
		{BD15654D-243B-488B-9A04-611C3E8EEEA3}.Release|Any CPU.ActiveCfg = Release|Any CPU
		{BD15654D-243B-488B-9A04-611C3E8EEEA3}.Release|Any CPU.Build.0 = Release|Any CPU
		{6C384B7E-5C07-41B3-AC46-5C22AA3F3B4B}.Debug|Any CPU.ActiveCfg = Debug|Any CPU
		{6C384B7E-5C07-41B3-AC46-5C22AA3F3B4B}.Debug|Any CPU.Build.0 = Debug|Any CPU
		{6C384B7E-5C07-41B3-AC46-5C22AA3F3B4B}.Release|Any CPU.ActiveCfg = Release|Any CPU
		{6C384B7E-5C07-41B3-AC46-5C22AA3F3B4B}.Release|Any CPU.Build.0 = Release|Any CPU
	EndGlobalSection
	GlobalSection(NestedProjects) = preSolution
		{8C6E7D2F-E760-47B9-B4CC-71B2E000A409} = {8C4AD6F0-B009-4759-BF00-8B0AB657872E}
		{910417C8-4153-4BBF-B2CD-1AF96BAA6FE2} = {8C4AD6F0-B009-4759-BF00-8B0AB657872E}
		{A977E9DE-6B7A-4E98-999E-E9F8CC03389B} = {910417C8-4153-4BBF-B2CD-1AF96BAA6FE2}
		{62A1DB58-7FF7-45AB-A2F0-AEFE269BCF05} = {910417C8-4153-4BBF-B2CD-1AF96BAA6FE2}
		{CD05AAFC-277C-4EAD-88FF-C04338A3141A} = {910417C8-4153-4BBF-B2CD-1AF96BAA6FE2}
		{222A919D-0C97-4B55-8EA8-FA5E54FEE182} = {910417C8-4153-4BBF-B2CD-1AF96BAA6FE2}
		{B1CEC8F3-792C-410C-9434-AF29A10B49BB} = {910417C8-4153-4BBF-B2CD-1AF96BAA6FE2}
		{BD15654D-243B-488B-9A04-611C3E8EEEA3} = {910417C8-4153-4BBF-B2CD-1AF96BAA6FE2}
		{6C384B7E-5C07-41B3-AC46-5C22AA3F3B4B} = {910417C8-4153-4BBF-B2CD-1AF96BAA6FE2}
	EndGlobalSection
EndGlobal
