
Microsoft Visual Studio Solution File, Format Version 12.00
Project("{2150E333-8FDC-42A3-9474-1A3956D46DE8}") = "src", "src", "{8C4AD6F0-B009-4759-BF00-8B0AB657872E}"
EndProject
Project("{2150E333-8FDC-42A3-9474-1A3956D46DE8}") = "tests", "tests", "{A95F4753-637E-45CA-B4B4-5E007F20F7D0}"
EndProject
Project("{FAE04EC0-301F-11D3-BF4B-00C04F79EFBC}") = "MailEase", "src\MailEase\MailEase.csproj", "{A44AD0B5-AA4D-48D6-9C95-91EBFF361B7D}"
EndProject
Project("{FAE04EC0-301F-11D3-BF4B-00C04F79EFBC}") = "MailEase.Tests", "src\tests\MailEase.Tests\MailEase.Tests.csproj", "{3652F303-A0AD-418B-B9FA-DF50FD23FFEF}"
EndProject
Global
	GlobalSection(SolutionConfigurationPlatforms) = preSolution
		Debug|Any CPU = Debug|Any CPU
		Release|Any CPU = Release|Any CPU
	EndGlobalSection
	GlobalSection(ProjectConfigurationPlatforms) = postSolution
		{A44AD0B5-AA4D-48D6-9C95-91EBFF361B7D}.Debug|Any CPU.ActiveCfg = Debug|Any CPU
		{A44AD0B5-AA4D-48D6-9C95-91EBFF361B7D}.Debug|Any CPU.Build.0 = Debug|Any CPU
		{A44AD0B5-AA4D-48D6-9C95-91EBFF361B7D}.Release|Any CPU.ActiveCfg = Release|Any CPU
		{A44AD0B5-AA4D-48D6-9C95-91EBFF361B7D}.Release|Any CPU.Build.0 = Release|Any CPU
		{3652F303-A0AD-418B-B9FA-DF50FD23FFEF}.Debug|Any CPU.ActiveCfg = Debug|Any CPU
		{3652F303-A0AD-418B-B9FA-DF50FD23FFEF}.Debug|Any CPU.Build.0 = Debug|Any CPU
		{3652F303-A0AD-418B-B9FA-DF50FD23FFEF}.Release|Any CPU.ActiveCfg = Release|Any CPU
		{3652F303-A0AD-418B-B9FA-DF50FD23FFEF}.Release|Any CPU.Build.0 = Release|Any CPU
	EndGlobalSection
	GlobalSection(NestedProjects) = preSolution
		{A44AD0B5-AA4D-48D6-9C95-91EBFF361B7D} = {8C4AD6F0-B009-4759-BF00-8B0AB657872E}
		{3652F303-A0AD-418B-B9FA-DF50FD23FFEF} = {A95F4753-637E-45CA-B4B4-5E007F20F7D0}
	EndGlobalSection
EndGlobal
